<?xml version="1.0" encoding="utf-8"?>
<Project ToolsVersion="4.0" xmlns="http://schemas.microsoft.com/developer/msbuild/2003">
  <ItemGroup>
    <Filter Include="リソース ファイル">
      <UniqueIdentifier>{67DA6AB6-F800-4c08-8B7A-83BB121AAD01}</UniqueIdentifier>
      <Extensions>rc;ico;cur;bmp;dlg;rc2;rct;bin;rgs;gif;jpg;jpeg;jpe;resx;tiff;tif;png;wav;mfcribbon-ms</Extensions>
    </Filter>
    <Filter Include="main">
      <UniqueIdentifier>{1f831b9a-1d94-4758-a653-4c977c0472cc}</UniqueIdentifier>
    </Filter>
    <Filter Include="input">
      <UniqueIdentifier>{936743ab-5d92-4bbc-9d5e-a7b51bbe805d}</UniqueIdentifier>
    </Filter>
    <Filter Include="object">
      <UniqueIdentifier>{4ec9b9cf-0286-4bda-bd00-7a0ec038d1f0}</UniqueIdentifier>
    </Filter>
    <Filter Include="object\scene">
      <UniqueIdentifier>{5207884a-4e7a-4258-915f-e4aec648b88c}</UniqueIdentifier>
    </Filter>
    <Filter Include="phase">
      <UniqueIdentifier>{1fa324ed-f41a-417b-abb7-0b6f9d9acf19}</UniqueIdentifier>
    </Filter>
    <Filter Include="object\character">
      <UniqueIdentifier>{dea42c2b-8d53-4d78-9668-c5bbe592cb29}</UniqueIdentifier>
    </Filter>
    <Filter Include="import">
      <UniqueIdentifier>{bde76769-a7af-42a1-b536-7d455392063d}</UniqueIdentifier>
    </Filter>
    <Filter Include="object\background">
      <UniqueIdentifier>{1aaec6db-a137-4919-bd63-686988bf7e74}</UniqueIdentifier>
    </Filter>
    <Filter Include="object\character\player">
      <UniqueIdentifier>{3bdffeca-7f8a-4747-840a-baba7da01d88}</UniqueIdentifier>
    </Filter>
    <Filter Include="object\stumbler">
      <UniqueIdentifier>{d08ffa58-4e0d-47ee-8658-d6a224a3ebc9}</UniqueIdentifier>
    </Filter>
    <Filter Include="object\goal">
      <UniqueIdentifier>{888eba1b-8066-4f82-a09c-cfc27376d83b}</UniqueIdentifier>
    </Filter>
    <Filter Include="object\character\player">
      <UniqueIdentifier>{91a77246-88e4-4028-a96a-f6b13ab23745}</UniqueIdentifier>
    </Filter>
    <Filter Include="object\character\player\character_vehicle">
      <UniqueIdentifier>{93159aa8-7507-46d3-a40d-6ccec6ea447a}</UniqueIdentifier>
    </Filter>
    <Filter Include="object\character\player\character_player">
      <UniqueIdentifier>{3bdffeca-7f8a-4747-840a-baba7da01d88}</UniqueIdentifier>
    </Filter>
    <Filter Include="object\sky">
      <UniqueIdentifier>{04228886-7ee5-4cc2-a79a-9001cdde358b}</UniqueIdentifier>
    </Filter>
    <Filter Include="debug">
      <UniqueIdentifier>{34021d3f-8823-4562-8376-24555a4e57d0}</UniqueIdentifier>
    </Filter>
    <Filter Include="manager">
      <UniqueIdentifier>{0deb8010-d8f6-40b0-ad9c-1d7ec924744c}</UniqueIdentifier>
    </Filter>
    <Filter Include="renderer">
      <UniqueIdentifier>{c06ec4af-a36a-4cd4-94d7-62357f0ad206}</UniqueIdentifier>
    </Filter>
    <Filter Include="phase\title">
      <UniqueIdentifier>{5e3cd453-2316-47f9-9aeb-76894786af4d}</UniqueIdentifier>
    </Filter>
    <Filter Include="phase\game">
      <UniqueIdentifier>{680737bd-da8b-40b5-9d93-f804936e2705}</UniqueIdentifier>
    </Filter>
    <Filter Include="phase\result">
      <UniqueIdentifier>{bdd2949b-a2d5-4f1f-ae41-d9aad6dd0b07}</UniqueIdentifier>
    </Filter>
    <Filter Include="phase\fade">
      <UniqueIdentifier>{1c035479-3a31-42ca-b7e7-9e290b48fe0d}</UniqueIdentifier>
    </Filter>
    <Filter Include="object\particle">
      <UniqueIdentifier>{b5d34b13-69e6-49ff-9a06-ed2fa9da34bc}</UniqueIdentifier>
    </Filter>
  </ItemGroup>
  <ItemGroup>
    <ClCompile Include="main.cpp">
      <Filter>main</Filter>
    </ClCompile>
    <ClCompile Include="input.cpp">
      <Filter>input</Filter>
    </ClCompile>
    <ClCompile Include="inputKeyboard.cpp">
      <Filter>input</Filter>
    </ClCompile>
    <ClCompile Include="inputPadX.cpp">
      <Filter>input</Filter>
    </ClCompile>
    <ClCompile Include="scene.cpp">
      <Filter>object\scene</Filter>
    </ClCompile>
    <ClCompile Include="scene2D.cpp">
      <Filter>object\scene</Filter>
    </ClCompile>
    <ClCompile Include="listObject.cpp">
      <Filter>object</Filter>
    </ClCompile>
    <ClCompile Include="import.cpp">
      <Filter>import</Filter>
    </ClCompile>
    <ClCompile Include="character_player.cpp">
      <Filter>object\character\player\character_player</Filter>
    </ClCompile>
    <ClCompile Include="stumbler.cpp">
      <Filter>object\stumbler</Filter>
    </ClCompile>
    <ClCompile Include="inputPadDirect.cpp">
      <Filter>input</Filter>
    </ClCompile>
    <ClCompile Include="character_vehicle.cpp">
      <Filter>object\character\player\character_vehicle</Filter>
    </ClCompile>
    <ClCompile Include="math_animation.cpp">
      <Filter>object\character</Filter>
    </ClCompile>
    <ClCompile Include="background.cpp">
      <Filter>object\background</Filter>
    </ClCompile>
    <ClCompile Include="goal.cpp">
      <Filter>object\goal</Filter>
    </ClCompile>
    <ClCompile Include="sky.cpp">
      <Filter>object\sky</Filter>
    </ClCompile>
    <ClCompile Include="debugproc.cpp">
      <Filter>debug</Filter>
    </ClCompile>
    <ClCompile Include="manager.cpp">
      <Filter>manager</Filter>
    </ClCompile>
    <ClCompile Include="renderer.cpp">
      <Filter>renderer</Filter>
    </ClCompile>
    <ClCompile Include="title.cpp">
      <Filter>phase\title</Filter>
    </ClCompile>
    <ClCompile Include="game.cpp">
      <Filter>phase\game</Filter>
    </ClCompile>
    <ClCompile Include="result.cpp">
      <Filter>phase\result</Filter>
    </ClCompile>
    <ClCompile Include="phase.cpp">
      <Filter>phase</Filter>
    </ClCompile>
    <ClCompile Include="fade.cpp">
      <Filter>phase\fade</Filter>
    </ClCompile>
  </ItemGroup>
  <ItemGroup>
    <ClInclude Include="main.h">
      <Filter>main</Filter>
    </ClInclude>
    <ClInclude Include="input.h">
      <Filter>input</Filter>
    </ClInclude>
    <ClInclude Include="inputKeyboard.h">
      <Filter>input</Filter>
    </ClInclude>
    <ClInclude Include="inputPadX.h">
      <Filter>input</Filter>
    </ClInclude>
    <ClInclude Include="scene.h">
      <Filter>object\scene</Filter>
    </ClInclude>
    <ClInclude Include="scene2D.h">
      <Filter>object\scene</Filter>
    </ClInclude>
    <ClInclude Include="listObject.h">
      <Filter>object</Filter>
    </ClInclude>
    <ClInclude Include="import.h">
      <Filter>import</Filter>
    </ClInclude>
    <ClInclude Include="character_player.h">
      <Filter>object\character\player\character_player</Filter>
    </ClInclude>
    <ClInclude Include="stumbler.h">
      <Filter>object\stumbler</Filter>
    </ClInclude>
    <ClInclude Include="inputPadDirect.h">
      <Filter>input</Filter>
    </ClInclude>
    <ClInclude Include="player_config.h">
      <Filter>object\character\player\character_player</Filter>
    </ClInclude>
    <ClInclude Include="character_vehicle.h">
      <Filter>object\character\player\character_vehicle</Filter>
    </ClInclude>
    <ClInclude Include="math_animation.h">
      <Filter>object\character</Filter>
    </ClInclude>
    <ClInclude Include="vehicle_config.h">
      <Filter>object\character\player\character_vehicle</Filter>
    </ClInclude>
    <ClInclude Include="background.h">
      <Filter>object\background</Filter>
    </ClInclude>
    <ClInclude Include="goal.h">
      <Filter>object\goal</Filter>
    </ClInclude>
    <ClInclude Include="sky.h">
      <Filter>object\sky</Filter>
    </ClInclude>
    <ClInclude Include="debugproc.h">
      <Filter>debug</Filter>
    </ClInclude>
    <ClInclude Include="manager.h">
      <Filter>manager</Filter>
    </ClInclude>
    <ClInclude Include="renderer.h">
      <Filter>renderer</Filter>
    </ClInclude>
    <ClInclude Include="title.h">
      <Filter>phase\title</Filter>
    </ClInclude>
    <ClInclude Include="game.h">
      <Filter>phase\game</Filter>
    </ClInclude>
    <ClInclude Include="result.h">
      <Filter>phase\result</Filter>
    </ClInclude>
    <ClInclude Include="phase.h">
      <Filter>phase</Filter>
    </ClInclude>
    <ClInclude Include="fade.h">
      <Filter>phase\fade</Filter>
    </ClInclude>
  </ItemGroup>
</Project>